// !$*UTF8*$!
{
	archiveVersion = 1;
	classes = {
	};
	objectVersion = 48;
	objects = {

/* Begin PBXBuildFile section */
		B9BFD801216C3F6D0028D651 /* AppDelegate.swift in Sources */ = {isa = PBXBuildFile; fileRef = B9BFD800216C3F6D0028D651 /* AppDelegate.swift */; };
		B9BFD803216C3F6D0028D651 /* ViewController.swift in Sources */ = {isa = PBXBuildFile; fileRef = B9BFD802216C3F6D0028D651 /* ViewController.swift */; };
		B9BFD806216C3F6D0028D651 /* Main.storyboard in Resources */ = {isa = PBXBuildFile; fileRef = B9BFD804216C3F6D0028D651 /* Main.storyboard */; };
		B9BFD808216C3F6D0028D651 /* Assets.xcassets in Resources */ = {isa = PBXBuildFile; fileRef = B9BFD807216C3F6D0028D651 /* Assets.xcassets */; };
		B9BFD80B216C3F6D0028D651 /* LaunchScreen.storyboard in Resources */ = {isa = PBXBuildFile; fileRef = B9BFD809216C3F6D0028D651 /* LaunchScreen.storyboard */; };
		B9BFD816216C3F6D0028D651 /* CanvasTests.swift in Sources */ = {isa = PBXBuildFile; fileRef = B9BFD815216C3F6D0028D651 /* CanvasTests.swift */; };
		B9BFD821216C3F6D0028D651 /* CanvasUITests.swift in Sources */ = {isa = PBXBuildFile; fileRef = B9BFD820216C3F6D0028D651 /* CanvasUITests.swift */; };
/* End PBXBuildFile section */

/* Begin PBXContainerItemProxy section */
		B9BFD812216C3F6D0028D651 /* PBXContainerItemProxy */ = {
			isa = PBXContainerItemProxy;
			containerPortal = B9BFD7F5216C3F6D0028D651 /* Project object */;
			proxyType = 1;
			remoteGlobalIDString = B9BFD7FC216C3F6D0028D651;
			remoteInfo = Canvas;
		};
		B9BFD81D216C3F6D0028D651 /* PBXContainerItemProxy */ = {
			isa = PBXContainerItemProxy;
			containerPortal = B9BFD7F5216C3F6D0028D651 /* Project object */;
			proxyType = 1;
			remoteGlobalIDString = B9BFD7FC216C3F6D0028D651;
			remoteInfo = Canvas;
		};
/* End PBXContainerItemProxy section */

/* Begin PBXFileReference section */
		B9BFD7FD216C3F6D0028D651 /* Canvas.app */ = {isa = PBXFileReference; explicitFileType = wrapper.application; includeInIndex = 0; path = Canvas.app; sourceTree = BUILT_PRODUCTS_DIR; };
		B9BFD800216C3F6D0028D651 /* AppDelegate.swift */ = {isa = PBXFileReference; lastKnownFileType = sourcecode.swift; path = AppDelegate.swift; sourceTree = "<group>"; };
		B9BFD802216C3F6D0028D651 /* ViewController.swift */ = {isa = PBXFileReference; lastKnownFileType = sourcecode.swift; path = ViewController.swift; sourceTree = "<group>"; };
		B9BFD805216C3F6D0028D651 /* Base */ = {isa = PBXFileReference; lastKnownFileType = file.storyboard; name = Base; path = Base.lproj/Main.storyboard; sourceTree = "<group>"; };
		B9BFD807216C3F6D0028D651 /* Assets.xcassets */ = {isa = PBXFileReference; lastKnownFileType = folder.assetcatalog; path = Assets.xcassets; sourceTree = "<group>"; };
		B9BFD80A216C3F6D0028D651 /* Base */ = {isa = PBXFileReference; lastKnownFileType = file.storyboard; name = Base; path = Base.lproj/LaunchScreen.storyboard; sourceTree = "<group>"; };
		B9BFD80C216C3F6D0028D651 /* Info.plist */ = {isa = PBXFileReference; lastKnownFileType = text.plist.xml; path = Info.plist; sourceTree = "<group>"; };
		B9BFD811216C3F6D0028D651 /* CanvasTests.xctest */ = {isa = PBXFileReference; explicitFileType = wrapper.cfbundle; includeInIndex = 0; path = CanvasTests.xctest; sourceTree = BUILT_PRODUCTS_DIR; };
		B9BFD815216C3F6D0028D651 /* CanvasTests.swift */ = {isa = PBXFileReference; lastKnownFileType = sourcecode.swift; path = CanvasTests.swift; sourceTree = "<group>"; };
		B9BFD817216C3F6D0028D651 /* Info.plist */ = {isa = PBXFileReference; lastKnownFileType = text.plist.xml; path = Info.plist; sourceTree = "<group>"; };
		B9BFD81C216C3F6D0028D651 /* CanvasUITests.xctest */ = {isa = PBXFileReference; explicitFileType = wrapper.cfbundle; includeInIndex = 0; path = CanvasUITests.xctest; sourceTree = BUILT_PRODUCTS_DIR; };
		B9BFD820216C3F6D0028D651 /* CanvasUITests.swift */ = {isa = PBXFileReference; lastKnownFileType = sourcecode.swift; path = CanvasUITests.swift; sourceTree = "<group>"; };
		B9BFD822216C3F6D0028D651 /* Info.plist */ = {isa = PBXFileReference; lastKnownFileType = text.plist.xml; path = Info.plist; sourceTree = "<group>"; };
/* End PBXFileReference section */

/* Begin PBXFrameworksBuildPhase section */
		B9BFD7FA216C3F6D0028D651 /* Frameworks */ = {
			isa = PBXFrameworksBuildPhase;
			buildActionMask = 2147483647;
			files = (
			);
			runOnlyForDeploymentPostprocessing = 0;
		};
		B9BFD80E216C3F6D0028D651 /* Frameworks */ = {
			isa = PBXFrameworksBuildPhase;
			buildActionMask = 2147483647;
			files = (
			);
			runOnlyForDeploymentPostprocessing = 0;
		};
		B9BFD819216C3F6D0028D651 /* Frameworks */ = {
			isa = PBXFrameworksBuildPhase;
			buildActionMask = 2147483647;
			files = (
			);
			runOnlyForDeploymentPostprocessing = 0;
		};
/* End PBXFrameworksBuildPhase section */

/* Begin PBXGroup section */
		B9BFD7F4216C3F6D0028D651 = {
			isa = PBXGroup;
			children = (
				B9BFD7FF216C3F6D0028D651 /* Canvas */,
				B9BFD814216C3F6D0028D651 /* CanvasTests */,
				B9BFD81F216C3F6D0028D651 /* CanvasUITests */,
				B9BFD7FE216C3F6D0028D651 /* Products */,
			);
			sourceTree = "<group>";
		};
		B9BFD7FE216C3F6D0028D651 /* Products */ = {
			isa = PBXGroup;
			children = (
				B9BFD7FD216C3F6D0028D651 /* Canvas.app */,
				B9BFD811216C3F6D0028D651 /* CanvasTests.xctest */,
				B9BFD81C216C3F6D0028D651 /* CanvasUITests.xctest */,
			);
			name = Products;
			sourceTree = "<group>";
		};
		B9BFD7FF216C3F6D0028D651 /* Canvas */ = {
			isa = PBXGroup;
			children = (
				B9BFD800216C3F6D0028D651 /* AppDelegate.swift */,
				B9BFD802216C3F6D0028D651 /* ViewController.swift */,
				B9BFD804216C3F6D0028D651 /* Main.storyboard */,
				B9BFD807216C3F6D0028D651 /* Assets.xcassets */,
				B9BFD809216C3F6D0028D651 /* LaunchScreen.storyboard */,
				B9BFD80C216C3F6D0028D651 /* Info.plist */,
			);
			path = Canvas;
			sourceTree = "<group>";
		};
		B9BFD814216C3F6D0028D651 /* CanvasTests */ = {
			isa = PBXGroup;
			children = (
				B9BFD815216C3F6D0028D651 /* CanvasTests.swift */,
				B9BFD817216C3F6D0028D651 /* Info.plist */,
			);
			path = CanvasTests;
			sourceTree = "<group>";
		};
		B9BFD81F216C3F6D0028D651 /* CanvasUITests */ = {
			isa = PBXGroup;
			children = (
				B9BFD820216C3F6D0028D651 /* CanvasUITests.swift */,
				B9BFD822216C3F6D0028D651 /* Info.plist */,
			);
			path = CanvasUITests;
			sourceTree = "<group>";
		};
/* End PBXGroup section */

/* Begin PBXNativeTarget section */
		B9BFD7FC216C3F6D0028D651 /* Canvas */ = {
			isa = PBXNativeTarget;
			buildConfigurationList = B9BFD825216C3F6D0028D651 /* Build configuration list for PBXNativeTarget "Canvas" */;
			buildPhases = (
				B9BFD7F9216C3F6D0028D651 /* Sources */,
				B9BFD7FA216C3F6D0028D651 /* Frameworks */,
				B9BFD7FB216C3F6D0028D651 /* Resources */,
			);
			buildRules = (
			);
			dependencies = (
			);
			name = Canvas;
			productName = Canvas;
			productReference = B9BFD7FD216C3F6D0028D651 /* Canvas.app */;
			productType = "com.apple.product-type.application";
		};
		B9BFD810216C3F6D0028D651 /* CanvasTests */ = {
			isa = PBXNativeTarget;
			buildConfigurationList = B9BFD828216C3F6D0028D651 /* Build configuration list for PBXNativeTarget "CanvasTests" */;
			buildPhases = (
				B9BFD80D216C3F6D0028D651 /* Sources */,
				B9BFD80E216C3F6D0028D651 /* Frameworks */,
				B9BFD80F216C3F6D0028D651 /* Resources */,
			);
			buildRules = (
			);
			dependencies = (
				B9BFD813216C3F6D0028D651 /* PBXTargetDependency */,
			);
			name = CanvasTests;
			productName = CanvasTests;
			productReference = B9BFD811216C3F6D0028D651 /* CanvasTests.xctest */;
			productType = "com.apple.product-type.bundle.unit-test";
		};
		B9BFD81B216C3F6D0028D651 /* CanvasUITests */ = {
			isa = PBXNativeTarget;
			buildConfigurationList = B9BFD82B216C3F6D0028D651 /* Build configuration list for PBXNativeTarget "CanvasUITests" */;
			buildPhases = (
				B9BFD818216C3F6D0028D651 /* Sources */,
				B9BFD819216C3F6D0028D651 /* Frameworks */,
				B9BFD81A216C3F6D0028D651 /* Resources */,
			);
			buildRules = (
			);
			dependencies = (
				B9BFD81E216C3F6D0028D651 /* PBXTargetDependency */,
			);
			name = CanvasUITests;
			productName = CanvasUITests;
			productReference = B9BFD81C216C3F6D0028D651 /* CanvasUITests.xctest */;
			productType = "com.apple.product-type.bundle.ui-testing";
		};
/* End PBXNativeTarget section */

/* Begin PBXProject section */
		B9BFD7F5216C3F6D0028D651 /* Project object */ = {
			isa = PBXProject;
			attributes = {
				LastSwiftUpdateCheck = 0920;
				LastUpgradeCheck = 0920;
				ORGANIZATIONNAME = "Jinan Huang";
				TargetAttributes = {
					B9BFD7FC216C3F6D0028D651 = {
						CreatedOnToolsVersion = 9.2;
						ProvisioningStyle = Automatic;
					};
					B9BFD810216C3F6D0028D651 = {
						CreatedOnToolsVersion = 9.2;
						ProvisioningStyle = Automatic;
						TestTargetID = B9BFD7FC216C3F6D0028D651;
					};
					B9BFD81B216C3F6D0028D651 = {
						CreatedOnToolsVersion = 9.2;
						ProvisioningStyle = Automatic;
						TestTargetID = B9BFD7FC216C3F6D0028D651;
					};
				};
			};
			buildConfigurationList = B9BFD7F8216C3F6D0028D651 /* Build configuration list for PBXProject "Canvas" */;
			compatibilityVersion = "Xcode 8.0";
			developmentRegion = en;
			hasScannedForEncodings = 0;
			knownRegions = (
				en,
				Base,
			);
			mainGroup = B9BFD7F4216C3F6D0028D651;
			productRefGroup = B9BFD7FE216C3F6D0028D651 /* Products */;
			projectDirPath = "";
			projectRoot = "";
			targets = (
				B9BFD7FC216C3F6D0028D651 /* Canvas */,
				B9BFD810216C3F6D0028D651 /* CanvasTests */,
				B9BFD81B216C3F6D0028D651 /* CanvasUITests */,
			);
		};
/* End PBXProject section */

/* Begin PBXResourcesBuildPhase section */
		B9BFD7FB216C3F6D0028D651 /* Resources */ = {
			isa = PBXResourcesBuildPhase;
			buildActionMask = 2147483647;
			files = (
				B9BFD80B216C3F6D0028D651 /* LaunchScreen.storyboard in Resources */,
				B9BFD808216C3F6D0028D651 /* Assets.xcassets in Resources */,
				B9BFD806216C3F6D0028D651 /* Main.storyboard in Resources */,
			);
			runOnlyForDeploymentPostprocessing = 0;
		};
		B9BFD80F216C3F6D0028D651 /* Resources */ = {
			isa = PBXResourcesBuildPhase;
			buildActionMask = 2147483647;
			files = (
			);
			runOnlyForDeploymentPostprocessing = 0;
		};
		B9BFD81A216C3F6D0028D651 /* Resources */ = {
			isa = PBXResourcesBuildPhase;
			buildActionMask = 2147483647;
			files = (
			);
			runOnlyForDeploymentPostprocessing = 0;
		};
/* End PBXResourcesBuildPhase section */

/* Begin PBXSourcesBuildPhase section */
		B9BFD7F9216C3F6D0028D651 /* Sources */ = {
			isa = PBXSourcesBuildPhase;
			buildActionMask = 2147483647;
			files = (
				B9BFD803216C3F6D0028D651 /* ViewController.swift in Sources */,
				B9BFD801216C3F6D0028D651 /* AppDelegate.swift in Sources */,
			);
			runOnlyForDeploymentPostprocessing = 0;
		};
		B9BFD80D216C3F6D0028D651 /* Sources */ = {
			isa = PBXSourcesBuildPhase;
			buildActionMask = 2147483647;
			files = (
				B9BFD816216C3F6D0028D651 /* CanvasTests.swift in Sources */,
			);
			runOnlyForDeploymentPostprocessing = 0;
		};
		B9BFD818216C3F6D0028D651 /* Sources */ = {
			isa = PBXSourcesBuildPhase;
			buildActionMask = 2147483647;
			files = (
				B9BFD821216C3F6D0028D651 /* CanvasUITests.swift in Sources */,
			);
			runOnlyForDeploymentPostprocessing = 0;
		};
/* End PBXSourcesBuildPhase section */

/* Begin PBXTargetDependency section */
		B9BFD813216C3F6D0028D651 /* PBXTargetDependency */ = {
			isa = PBXTargetDependency;
			target = B9BFD7FC216C3F6D0028D651 /* Canvas */;
			targetProxy = B9BFD812216C3F6D0028D651 /* PBXContainerItemProxy */;
		};
		B9BFD81E216C3F6D0028D651 /* PBXTargetDependency */ = {
			isa = PBXTargetDependency;
			target = B9BFD7FC216C3F6D0028D651 /* Canvas */;
			targetProxy = B9BFD81D216C3F6D0028D651 /* PBXContainerItemProxy */;
		};
/* End PBXTargetDependency section */

/* Begin PBXVariantGroup section */
		B9BFD804216C3F6D0028D651 /* Main.storyboard */ = {
			isa = PBXVariantGroup;
			children = (
				B9BFD805216C3F6D0028D651 /* Base */,
			);
			name = Main.storyboard;
			sourceTree = "<group>";
		};
		B9BFD809216C3F6D0028D651 /* LaunchScreen.storyboard */ = {
			isa = PBXVariantGroup;
			children = (
				B9BFD80A216C3F6D0028D651 /* Base */,
			);
			name = LaunchScreen.storyboard;
			sourceTree = "<group>";
		};
/* End PBXVariantGroup section */

/* Begin XCBuildConfiguration section */
		B9BFD823216C3F6D0028D651 /* Debug */ = {
			isa = XCBuildConfiguration;
			buildSettings = {
				ALWAYS_SEARCH_USER_PATHS = NO;
				CLANG_ANALYZER_NONNULL = YES;
				CLANG_ANALYZER_NUMBER_OBJECT_CONVERSION = YES_AGGRESSIVE;
				CLANG_CXX_LANGUAGE_STANDARD = "gnu++14";
				CLANG_CXX_LIBRARY = "libc++";
				CLANG_ENABLE_MODULES = YES;
				CLANG_ENABLE_OBJC_ARC = YES;
				CLANG_WARN_BLOCK_CAPTURE_AUTORELEASING = YES;
				CLANG_WARN_BOOL_CONVERSION = YES;
				CLANG_WARN_COMMA = YES;
				CLANG_WARN_CONSTANT_CONVERSION = YES;
				CLANG_WARN_DIRECT_OBJC_ISA_USAGE = YES_ERROR;
				CLANG_WARN_DOCUMENTATION_COMMENTS = YES;
				CLANG_WARN_EMPTY_BODY = YES;
				CLANG_WARN_ENUM_CONVERSION = YES;
				CLANG_WARN_INFINITE_RECURSION = YES;
				CLANG_WARN_INT_CONVERSION = YES;
				CLANG_WARN_NON_LITERAL_NULL_CONVERSION = YES;
				CLANG_WARN_OBJC_LITERAL_CONVERSION = YES;
				CLANG_WARN_OBJC_ROOT_CLASS = YES_ERROR;
				CLANG_WARN_RANGE_LOOP_ANALYSIS = YES;
				CLANG_WARN_STRICT_PROTOTYPES = YES;
				CLANG_WARN_SUSPICIOUS_MOVE = YES;
				CLANG_WARN_UNGUARDED_AVAILABILITY = YES_AGGRESSIVE;
				CLANG_WARN_UNREACHABLE_CODE = YES;
				CLANG_WARN__DUPLICATE_METHOD_MATCH = YES;
				CODE_SIGN_IDENTITY = "iPhone Developer";
				COPY_PHASE_STRIP = NO;
				DEBUG_INFORMATION_FORMAT = dwarf;
				ENABLE_STRICT_OBJC_MSGSEND = YES;
				ENABLE_TESTABILITY = YES;
				GCC_C_LANGUAGE_STANDARD = gnu11;
				GCC_DYNAMIC_NO_PIC = NO;
				GCC_NO_COMMON_BLOCKS = YES;
				GCC_OPTIMIZATION_LEVEL = 0;
				GCC_PREPROCESSOR_DEFINITIONS = (
					"DEBUG=1",
					"$(inherited)",
				);
				GCC_WARN_64_TO_32_BIT_CONVERSION = YES;
				GCC_WARN_ABOUT_RETURN_TYPE = YES_ERROR;
				GCC_WARN_UNDECLARED_SELECTOR = YES;
				GCC_WARN_UNINITIALIZED_AUTOS = YES_AGGRESSIVE;
				GCC_WARN_UNUSED_FUNCTION = YES;
				GCC_WARN_UNUSED_VARIABLE = YES;
				IPHONEOS_DEPLOYMENT_TARGET = 11.2;
				MTL_ENABLE_DEBUG_INFO = YES;
				ONLY_ACTIVE_ARCH = YES;
				SDKROOT = iphoneos;
				SWIFT_ACTIVE_COMPILATION_CONDITIONS = DEBUG;
				SWIFT_OPTIMIZATION_LEVEL = "-Onone";
			};
			name = Debug;
		};
		B9BFD824216C3F6D0028D651 /* Release */ = {
			isa = XCBuildConfiguration;
			buildSettings = {
				ALWAYS_SEARCH_USER_PATHS = NO;
				CLANG_ANALYZER_NONNULL = YES;
				CLANG_ANALYZER_NUMBER_OBJECT_CONVERSION = YES_AGGRESSIVE;
				CLANG_CXX_LANGUAGE_STANDARD = "gnu++14";
				CLANG_CXX_LIBRARY = "libc++";
				CLANG_ENABLE_MODULES = YES;
				CLANG_ENABLE_OBJC_ARC = YES;
				CLANG_WARN_BLOCK_CAPTURE_AUTORELEASING = YES;
				CLANG_WARN_BOOL_CONVERSION = YES;
				CLANG_WARN_COMMA = YES;
				CLANG_WARN_CONSTANT_CONVERSION = YES;
				CLANG_WARN_DIRECT_OBJC_ISA_USAGE = YES_ERROR;
				CLANG_WARN_DOCUMENTATION_COMMENTS = YES;
				CLANG_WARN_EMPTY_BODY = YES;
				CLANG_WARN_ENUM_CONVERSION = YES;
				CLANG_WARN_INFINITE_RECURSION = YES;
				CLANG_WARN_INT_CONVERSION = YES;
				CLANG_WARN_NON_LITERAL_NULL_CONVERSION = YES;
				CLANG_WARN_OBJC_LITERAL_CONVERSION = YES;
				CLANG_WARN_OBJC_ROOT_CLASS = YES_ERROR;
				CLANG_WARN_RANGE_LOOP_ANALYSIS = YES;
				CLANG_WARN_STRICT_PROTOTYPES = YES;
				CLANG_WARN_SUSPICIOUS_MOVE = YES;
				CLANG_WARN_UNGUARDED_AVAILABILITY = YES_AGGRESSIVE;
				CLANG_WARN_UNREACHABLE_CODE = YES;
				CLANG_WARN__DUPLICATE_METHOD_MATCH = YES;
				CODE_SIGN_IDENTITY = "iPhone Developer";
				COPY_PHASE_STRIP = NO;
				DEBUG_INFORMATION_FORMAT = "dwarf-with-dsym";
				ENABLE_NS_ASSERTIONS = NO;
				ENABLE_STRICT_OBJC_MSGSEND = YES;
				GCC_C_LANGUAGE_STANDARD = gnu11;
				GCC_NO_COMMON_BLOCKS = YES;
				GCC_WARN_64_TO_32_BIT_CONVERSION = YES;
				GCC_WARN_ABOUT_RETURN_TYPE = YES_ERROR;
				GCC_WARN_UNDECLARED_SELECTOR = YES;
				GCC_WARN_UNINITIALIZED_AUTOS = YES_AGGRESSIVE;
				GCC_WARN_UNUSED_FUNCTION = YES;
				GCC_WARN_UNUSED_VARIABLE = YES;
				IPHONEOS_DEPLOYMENT_TARGET = 11.2;
				MTL_ENABLE_DEBUG_INFO = NO;
				SDKROOT = iphoneos;
				SWIFT_OPTIMIZATION_LEVEL = "-Owholemodule";
				VALIDATE_PRODUCT = YES;
			};
			name = Release;
		};
		B9BFD826216C3F6D0028D651 /* Debug */ = {
			isa = XCBuildConfiguration;
			buildSettings = {
				ASSETCATALOG_COMPILER_APPICON_NAME = AppIcon;
				CODE_SIGN_STYLE = Automatic;
				INFOPLIST_FILE = Canvas/Info.plist;
				LD_RUNPATH_SEARCH_PATHS = "$(inherited) @executable_path/Frameworks";
				PRODUCT_BUNDLE_IDENTIFIER = "-.Canvas";
				PRODUCT_NAME = "$(TARGET_NAME)";
				SWIFT_VERSION = 4.0;
				TARGETED_DEVICE_FAMILY = "1,2";
			};
			name = Debug;
		};
		B9BFD827216C3F6D0028D651 /* Release */ = {
			isa = XCBuildConfiguration;
			buildSettings = {
				ASSETCATALOG_COMPILER_APPICON_NAME = AppIcon;
				CODE_SIGN_STYLE = Automatic;
				INFOPLIST_FILE = Canvas/Info.plist;
				LD_RUNPATH_SEARCH_PATHS = "$(inherited) @executable_path/Frameworks";
				PRODUCT_BUNDLE_IDENTIFIER = "-.Canvas";
				PRODUCT_NAME = "$(TARGET_NAME)";
				SWIFT_VERSION = 4.0;
				TARGETED_DEVICE_FAMILY = "1,2";
			};
			name = Release;
		};
		B9BFD829216C3F6D0028D651 /* Debug */ = {
			isa = XCBuildConfiguration;
			buildSettings = {
				ALWAYS_EMBED_SWIFT_STANDARD_LIBRARIES = YES;
				BUNDLE_LOADER = "$(TEST_HOST)";
				CODE_SIGN_STYLE = Automatic;
				INFOPLIST_FILE = CanvasTests/Info.plist;
				LD_RUNPATH_SEARCH_PATHS = "$(inherited) @executable_path/Frameworks @loader_path/Frameworks";
				PRODUCT_BUNDLE_IDENTIFIER = "-.CanvasTests";
				PRODUCT_NAME = "$(TARGET_NAME)";
				SWIFT_VERSION = 4.0;
				TARGETED_DEVICE_FAMILY = "1,2";
				TEST_HOST = "$(BUILT_PRODUCTS_DIR)/Canvas.app/Canvas";
			};
			name = Debug;
		};
		B9BFD82A216C3F6D0028D651 /* Release */ = {
			isa = XCBuildConfiguration;
			buildSettings = {
				ALWAYS_EMBED_SWIFT_STANDARD_LIBRARIES = YES;
				BUNDLE_LOADER = "$(TEST_HOST)";
				CODE_SIGN_STYLE = Automatic;
				INFOPLIST_FILE = CanvasTests/Info.plist;
				LD_RUNPATH_SEARCH_PATHS = "$(inherited) @executable_path/Frameworks @loader_path/Frameworks";
				PRODUCT_BUNDLE_IDENTIFIER = "-.CanvasTests";
				PRODUCT_NAME = "$(TARGET_NAME)";
				SWIFT_VERSION = 4.0;
				TARGETED_DEVICE_FAMILY = "1,2";
				TEST_HOST = "$(BUILT_PRODUCTS_DIR)/Canvas.app/Canvas";
			};
			name = Release;
		};
		B9BFD82C216C3F6D0028D651 /* Debug */ = {
			isa = XCBuildConfiguration;
			buildSettings = {
				ALWAYS_EMBED_SWIFT_STANDARD_LIBRARIES = YES;
				CODE_SIGN_STYLE = Automatic;
				INFOPLIST_FILE = CanvasUITests/Info.plist;
				LD_RUNPATH_SEARCH_PATHS = "$(inherited) @executable_path/Frameworks @loader_path/Frameworks";
				PRODUCT_BUNDLE_IDENTIFIER = "-.CanvasUITests";
				PRODUCT_NAME = "$(TARGET_NAME)";
				SWIFT_VERSION = 4.0;
				TARGETED_DEVICE_FAMILY = "1,2";
				TEST_TARGET_NAME = Canvas;
			};
			name = Debug;
		};
		B9BFD82D216C3F6D0028D651 /* Release */ = {
			isa = XCBuildConfiguration;
			buildSettings = {
				ALWAYS_EMBED_SWIFT_STANDARD_LIBRARIES = YES;
				CODE_SIGN_STYLE = Automatic;
				INFOPLIST_FILE = CanvasUITests/Info.plist;
				LD_RUNPATH_SEARCH_PATHS = "$(inherited) @executable_path/Frameworks @loader_path/Frameworks";
				PRODUCT_BUNDLE_IDENTIFIER = "-.CanvasUITests";
				PRODUCT_NAME = "$(TARGET_NAME)";
				SWIFT_VERSION = 4.0;
				TARGETED_DEVICE_FAMILY = "1,2";
				TEST_TARGET_NAME = Canvas;
			};
			name = Release;
		};
/* End XCBuildConfiguration section */

/* Begin XCConfigurationList section */
		B9BFD7F8216C3F6D0028D651 /* Build configuration list for PBXProject "Canvas" */ = {
			isa = XCConfigurationList;
			buildConfigurations = (
				B9BFD823216C3F6D0028D651 /* Debug */,
				B9BFD824216C3F6D0028D651 /* Release */,
			);
			defaultConfigurationIsVisible = 0;
			defaultConfigurationName = Release;
		};
		B9BFD825216C3F6D0028D651 /* Build configuration list for PBXNativeTarget "Canvas" */ = {
			isa = XCConfigurationList;
			buildConfigurations = (
				B9BFD826216C3F6D0028D651 /* Debug */,
				B9BFD827216C3F6D0028D651 /* Release */,
			);
			defaultConfigurationIsVisible = 0;
			defaultConfigurationName = Release;
		};
		B9BFD828216C3F6D0028D651 /* Build configuration list for PBXNativeTarget "CanvasTests" */ = {
			isa = XCConfigurationList;
			buildConfigurations = (
				B9BFD829216C3F6D0028D651 /* Debug */,
				B9BFD82A216C3F6D0028D651 /* Release */,
			);
			defaultConfigurationIsVisible = 0;
			defaultConfigurationName = Release;
		};
		B9BFD82B216C3F6D0028D651 /* Build configuration list for PBXNativeTarget "CanvasUITests" */ = {
			isa = XCConfigurationList;
			buildConfigurations = (
				B9BFD82C216C3F6D0028D651 /* Debug */,
				B9BFD82D216C3F6D0028D651 /* Release */,
			);
			defaultConfigurationIsVisible = 0;
			defaultConfigurationName = Release;
		};
/* End XCConfigurationList section */
	};
	rootObject = B9BFD7F5216C3F6D0028D651 /* Project object */;
}
